{
    "_meta": {
        "hash": {
            "sha256": "d5645a6495b5c48c7c5eea533af87ad970c331f4fdb80e78c71bd4795c413541"
        },
        "pipfile-spec": 6,
        "requires": {
            "python_version": "2.7"
        },
        "sources": [
            {
                "name": "pypi",
                "url": "https://pypi.org/simple",
                "verify_ssl": true
            }
        ]
    },
    "default": {
        "django-taggit": {
            "hashes": [
                "sha256:58aa3e59e0643446e102523f22d137300298e2a537b1c5b0c310d99143f2c2b8",
                "sha256:fd13e304ba37ff09e601c4797d893fb7d3e699a789b5afb0b09d686f94470441"
            ],
            "index": "pypi",
            "version": "==0.22.2"
        }
    },
    "develop": {}
}
